
Microsoft Visual Studio Solution File, Format Version 12.00
# Visual Studio Version 17
VisualStudioVersion = 17.3.32929.385
MinimumVisualStudioVersion = 10.0.40219.1
Project("{9A19103F-16F7-4668-BE54-9A1E7A4F7556}") = "Kampİntro", "Kampİntro\Kampİntro.csproj", "{6956D93A-4F0F-46EF-93F5-22220FFA3E1A}"
EndProject
Project("{9A19103F-16F7-4668-BE54-9A1E7A4F7556}") = "Donguler", "Donguler\Donguler.csproj", "{6239C0A4-1816-4373-B34F-8C7412BC6FB3}"
EndProject
Project("{9A19103F-16F7-4668-BE54-9A1E7A4F7556}") = "ClassIntro", "ClassIntro\ClassIntro.csproj", "{ADD70410-6A54-441D-9575-692F3FE332AA}"
EndProject
Project("{9A19103F-16F7-4668-BE54-9A1E7A4F7556}") = "Metotlar", "Metotlar\Metotlar.csproj", "{EED12C1E-80B3-4413-9DE6-A4764A787384}"
EndProject
Project("{9A19103F-16F7-4668-BE54-9A1E7A4F7556}") = "Matematik", "Matematik\Matematik.csproj", "{0F65BEC6-3576-4E0A-9A3A-007BB753CF9F}"
EndProject
Project("{9A19103F-16F7-4668-BE54-9A1E7A4F7556}") = "DegerVeReferansTipler", "DegerVeReferansTipler\DegerVeReferansTipler.csproj", "{9D9E86DB-F9D9-4984-8CF4-CD26C2CF5075}"
EndProject
Project("{9A19103F-16F7-4668-BE54-9A1E7A4F7556}") = "OOP1", "OOP1\OOP1.csproj", "{D481F36F-EA21-41F3-8587-B10ADB7DD440}"
EndProject
Project("{9A19103F-16F7-4668-BE54-9A1E7A4F7556}") = "Koleksiyonlar", "Koleksiyonlar\Koleksiyonlar.csproj", "{E66C8DDE-D331-4ADA-8314-8889C4C3EF8C}"
EndProject
Project("{9A19103F-16F7-4668-BE54-9A1E7A4F7556}") = "GenericsIntro", "GenericsIntro\GenericsIntro.csproj", "{810683FC-3C73-4859-B235-CB60F672496C}"
EndProject
Project("{9A19103F-16F7-4668-BE54-9A1E7A4F7556}") = "1Odev4gun", "deneme\1Odev4gun.csproj", "{5812AF1D-4D34-42F3-9090-D1FE2436D3F3}"
EndProject
Project("{9A19103F-16F7-4668-BE54-9A1E7A4F7556}") = "2Odev4gun", "2Odev4gun\2Odev4gun.csproj", "{21D1283E-3C28-4355-8FC5-D4720A57D339}"
EndProject
Project("{9A19103F-16F7-4668-BE54-9A1E7A4F7556}") = "3Odev4gun", "3Odev4gun\3Odev4gun.csproj", "{8E995815-0D0B-4B2D-B045-8F542D67C846}"
EndProject
Project("{9A19103F-16F7-4668-BE54-9A1E7A4F7556}") = "4Odev4gunDictionary", "MyDictionary\4Odev4gunDictionary.csproj", "{CE74BB6B-A2B4-4DA7-AC01-0451919F2A69}"
EndProject
Project("{FAE04EC0-301F-11D3-BF4B-00C04F79EFBC}") = "OOP2", "OOP3\OOP2.csproj", "{755D0666-701C-4980-B68D-6068412A1A78}"
EndProject
Global
	GlobalSection(SolutionConfigurationPlatforms) = preSolution
		Debug|Any CPU = Debug|Any CPU
		Release|Any CPU = Release|Any CPU
	EndGlobalSection
	GlobalSection(ProjectConfigurationPlatforms) = postSolution
		{6956D93A-4F0F-46EF-93F5-22220FFA3E1A}.Debug|Any CPU.ActiveCfg = Debug|Any CPU
		{6956D93A-4F0F-46EF-93F5-22220FFA3E1A}.Debug|Any CPU.Build.0 = Debug|Any CPU
		{6956D93A-4F0F-46EF-93F5-22220FFA3E1A}.Release|Any CPU.ActiveCfg = Release|Any CPU
		{6956D93A-4F0F-46EF-93F5-22220FFA3E1A}.Release|Any CPU.Build.0 = Release|Any CPU
		{6239C0A4-1816-4373-B34F-8C7412BC6FB3}.Debug|Any CPU.ActiveCfg = Debug|Any CPU
		{6239C0A4-1816-4373-B34F-8C7412BC6FB3}.Debug|Any CPU.Build.0 = Debug|Any CPU
		{6239C0A4-1816-4373-B34F-8C7412BC6FB3}.Release|Any CPU.ActiveCfg = Release|Any CPU
		{6239C0A4-1816-4373-B34F-8C7412BC6FB3}.Release|Any CPU.Build.0 = Release|Any CPU
		{ADD70410-6A54-441D-9575-692F3FE332AA}.Debug|Any CPU.ActiveCfg = Debug|Any CPU
		{ADD70410-6A54-441D-9575-692F3FE332AA}.Debug|Any CPU.Build.0 = Debug|Any CPU
		{ADD70410-6A54-441D-9575-692F3FE332AA}.Release|Any CPU.ActiveCfg = Release|Any CPU
		{ADD70410-6A54-441D-9575-692F3FE332AA}.Release|Any CPU.Build.0 = Release|Any CPU
		{EED12C1E-80B3-4413-9DE6-A4764A787384}.Debug|Any CPU.ActiveCfg = Debug|Any CPU
		{EED12C1E-80B3-4413-9DE6-A4764A787384}.Debug|Any CPU.Build.0 = Debug|Any CPU
		{EED12C1E-80B3-4413-9DE6-A4764A787384}.Release|Any CPU.ActiveCfg = Release|Any CPU
		{EED12C1E-80B3-4413-9DE6-A4764A787384}.Release|Any CPU.Build.0 = Release|Any CPU
		{0F65BEC6-3576-4E0A-9A3A-007BB753CF9F}.Debug|Any CPU.ActiveCfg = Debug|Any CPU
		{0F65BEC6-3576-4E0A-9A3A-007BB753CF9F}.Debug|Any CPU.Build.0 = Debug|Any CPU
		{0F65BEC6-3576-4E0A-9A3A-007BB753CF9F}.Release|Any CPU.ActiveCfg = Release|Any CPU
		{0F65BEC6-3576-4E0A-9A3A-007BB753CF9F}.Release|Any CPU.Build.0 = Release|Any CPU
		{9D9E86DB-F9D9-4984-8CF4-CD26C2CF5075}.Debug|Any CPU.ActiveCfg = Debug|Any CPU
		{9D9E86DB-F9D9-4984-8CF4-CD26C2CF5075}.Debug|Any CPU.Build.0 = Debug|Any CPU
		{9D9E86DB-F9D9-4984-8CF4-CD26C2CF5075}.Release|Any CPU.ActiveCfg = Release|Any CPU
		{9D9E86DB-F9D9-4984-8CF4-CD26C2CF5075}.Release|Any CPU.Build.0 = Release|Any CPU
		{D481F36F-EA21-41F3-8587-B10ADB7DD440}.Debug|Any CPU.ActiveCfg = Debug|Any CPU
		{D481F36F-EA21-41F3-8587-B10ADB7DD440}.Debug|Any CPU.Build.0 = Debug|Any CPU
		{D481F36F-EA21-41F3-8587-B10ADB7DD440}.Release|Any CPU.ActiveCfg = Release|Any CPU
		{D481F36F-EA21-41F3-8587-B10ADB7DD440}.Release|Any CPU.Build.0 = Release|Any CPU
		{E66C8DDE-D331-4ADA-8314-8889C4C3EF8C}.Debug|Any CPU.ActiveCfg = Debug|Any CPU
		{E66C8DDE-D331-4ADA-8314-8889C4C3EF8C}.Debug|Any CPU.Build.0 = Debug|Any CPU
		{E66C8DDE-D331-4ADA-8314-8889C4C3EF8C}.Release|Any CPU.ActiveCfg = Release|Any CPU
		{E66C8DDE-D331-4ADA-8314-8889C4C3EF8C}.Release|Any CPU.Build.0 = Release|Any CPU
		{810683FC-3C73-4859-B235-CB60F672496C}.Debug|Any CPU.ActiveCfg = Debug|Any CPU
		{810683FC-3C73-4859-B235-CB60F672496C}.Debug|Any CPU.Build.0 = Debug|Any CPU
		{810683FC-3C73-4859-B235-CB60F672496C}.Release|Any CPU.ActiveCfg = Release|Any CPU
		{810683FC-3C73-4859-B235-CB60F672496C}.Release|Any CPU.Build.0 = Release|Any CPU
		{5812AF1D-4D34-42F3-9090-D1FE2436D3F3}.Debug|Any CPU.ActiveCfg = Debug|Any CPU
		{5812AF1D-4D34-42F3-9090-D1FE2436D3F3}.Debug|Any CPU.Build.0 = Debug|Any CPU
		{5812AF1D-4D34-42F3-9090-D1FE2436D3F3}.Release|Any CPU.ActiveCfg = Release|Any CPU
		{5812AF1D-4D34-42F3-9090-D1FE2436D3F3}.Release|Any CPU.Build.0 = Release|Any CPU
		{21D1283E-3C28-4355-8FC5-D4720A57D339}.Debug|Any CPU.ActiveCfg = Debug|Any CPU
		{21D1283E-3C28-4355-8FC5-D4720A57D339}.Debug|Any CPU.Build.0 = Debug|Any CPU
		{21D1283E-3C28-4355-8FC5-D4720A57D339}.Release|Any CPU.ActiveCfg = Release|Any CPU
		{21D1283E-3C28-4355-8FC5-D4720A57D339}.Release|Any CPU.Build.0 = Release|Any CPU
		{8E995815-0D0B-4B2D-B045-8F542D67C846}.Debug|Any CPU.ActiveCfg = Debug|Any CPU
		{8E995815-0D0B-4B2D-B045-8F542D67C846}.Debug|Any CPU.Build.0 = Debug|Any CPU
		{8E995815-0D0B-4B2D-B045-8F542D67C846}.Release|Any CPU.ActiveCfg = Release|Any CPU
		{8E995815-0D0B-4B2D-B045-8F542D67C846}.Release|Any CPU.Build.0 = Release|Any CPU
		{CE74BB6B-A2B4-4DA7-AC01-0451919F2A69}.Debug|Any CPU.ActiveCfg = Debug|Any CPU
		{CE74BB6B-A2B4-4DA7-AC01-0451919F2A69}.Debug|Any CPU.Build.0 = Debug|Any CPU
		{CE74BB6B-A2B4-4DA7-AC01-0451919F2A69}.Release|Any CPU.ActiveCfg = Release|Any CPU
		{CE74BB6B-A2B4-4DA7-AC01-0451919F2A69}.Release|Any CPU.Build.0 = Release|Any CPU
		{755D0666-701C-4980-B68D-6068412A1A78}.Debug|Any CPU.ActiveCfg = Debug|Any CPU
		{755D0666-701C-4980-B68D-6068412A1A78}.Debug|Any CPU.Build.0 = Debug|Any CPU
		{755D0666-701C-4980-B68D-6068412A1A78}.Release|Any CPU.ActiveCfg = Release|Any CPU
		{755D0666-701C-4980-B68D-6068412A1A78}.Release|Any CPU.Build.0 = Release|Any CPU
	EndGlobalSection
	GlobalSection(SolutionProperties) = preSolution
		HideSolutionNode = FALSE
	EndGlobalSection
	GlobalSection(ExtensibilityGlobals) = postSolution
		SolutionGuid = {3A13D3CE-B066-482B-A2BC-87F388D8CDF5}
	EndGlobalSection
EndGlobal
